dependencies:
  espressif/esp-zboss-lib:
    component_hash: 92d1791fe86c98f4bd4a89447f59962144b6d8fed4b2bf0935defaebecabb6d8
    source:
      service_url: https://api.components.espressif.com/
      type: service
    version: 0.6.2
  espressif/esp-zigbee-lib:
    component_hash: 334b27b6af02d5c275456b7608e74ed35d4a5036dfabc7828cf80cb070918418
    source:
      service_url: https://api.components.espressif.com/
      type: service
    version: 0.9.5
  idf:
    component_hash: null
    source:
      type: idf
    version: 5.1.1
manifest_hash: 5c923279b55c307fcef04daf66d12595a624a9bc8fb485b2c1b8713bdf1771a4
target: esp32c6
version: 1.0.0
