dependencies:
  espressif/esp-zboss-lib:
    component_hash: e8e02c5feadaaffb1945af2e2738a00cf3d41fcce91f036263ecf2b2c92280a4
    source:
      service_url: https://api.components.espressif.com/
      type: service
    version: 1.0.1
  espressif/esp-zigbee-lib:
    component_hash: d15d2b0dbf48508fb9e1f43fddf1ca623b2332f005e2511b2de3d1cc1227af75
    source:
      service_url: https://api.components.espressif.com/
      type: service
    version: 1.0.1
  idf:
    component_hash: null
    source:
      type: idf
    version: 5.1.1
manifest_hash: c04bf7f1f3b08f9bb8ee72543deac31c249f6bc72b7968684ce80ea5c40f77f3
target: esp32c6
version: 1.0.0
